// !$*UTF8*$!
{
	archiveVersion = 1;
	classes = {
	};
	objectVersion = 46;
	objects = {

/* Begin PBXBuildFile section */
		0BBAFDD2113DDFAE0029ECF3 /* main.m in Sources */ = {isa = PBXBuildFile; fileRef = 0BBAFDC6113DDFAE0029ECF3 /* main.m */; };
		0BBAFDD3113DDFAE0029ECF3 /* TabletControlsController.m in Sources */ = {isa = PBXBuildFile; fileRef = 0BBAFDC9113DDFAE0029ECF3 /* TabletControlsController.m */; };
		0BBAFDD9113DDFE00029ECF3 /* MainMenu.xib in Resources */ = {isa = PBXBuildFile; fileRef = 0BBAFDD7113DDFE00029ECF3 /* MainMenu.xib */; };
		0BBAFDE0113DDFEE0029ECF3 /* 5000.tiff in Resources */ = {isa = PBXBuildFile; fileRef = 0BBAFDDC113DDFEE0029ECF3 /* 5000.tiff */; };
		0BBAFDE1113DDFEE0029ECF3 /* 5001.bmp in Resources */ = {isa = PBXBuildFile; fileRef = 0BBAFDDD113DDFEE0029ECF3 /* 5001.bmp */; };
		0BBAFDE7113DE0310029ECF3 /* 5002.pdf in Resources */ = {isa = PBXBuildFile; fileRef = 0BBAFDDE113DDFEE0029ECF3 /* 5002.pdf */; };
		8D11072F0486CEB800E47090 /* Cocoa.framework in Frameworks */ = {isa = PBXBuildFile; fileRef = 1058C7A1FEA54F0111CA2CBB /* Cocoa.framework */; };
		D1C717B6296CF69400C273F9 /* WacomTabletDriver.m in Sources */ = {isa = PBXBuildFile; fileRef = D1C717B1296CF69400C273F9 /* WacomTabletDriver.m */; };
		D1C717B7296CF69400C273F9 /* NSAppleEventDescriptorHelperCategory.m in Sources */ = {isa = PBXBuildFile; fileRef = D1C717B2296CF69400C273F9 /* NSAppleEventDescriptorHelperCategory.m */; };
		DB7651B123A34F78002C3D33 /* InfoPlist.strings in Resources */ = {isa = PBXBuildFile; fileRef = DB7651AF23A34F78002C3D33 /* InfoPlist.strings */; };
/* End PBXBuildFile section */

/* Begin PBXFileReference section */
		0BBAFDC6113DDFAE0029ECF3 /* main.m */ = {isa = PBXFileReference; fileEncoding = 4; lastKnownFileType = sourcecode.c.objc; path = main.m; sourceTree = "<group>"; };
		0BBAFDC7113DDFAE0029ECF3 /* TabletControls.pch */ = {isa = PBXFileReference; fileEncoding = 4; lastKnownFileType = sourcecode.c.h; path = TabletControls.pch; sourceTree = "<group>"; };
		0BBAFDC8113DDFAE0029ECF3 /* TabletControlsController.h */ = {isa = PBXFileReference; fileEncoding = 4; lastKnownFileType = sourcecode.c.h; path = TabletControlsController.h; sourceTree = "<group>"; };
		0BBAFDC9113DDFAE0029ECF3 /* TabletControlsController.m */ = {isa = PBXFileReference; fileEncoding = 4; lastKnownFileType = sourcecode.c.objc; path = TabletControlsController.m; sourceTree = "<group>"; };
		0BBAFDDC113DDFEE0029ECF3 /* 5000.tiff */ = {isa = PBXFileReference; lastKnownFileType = image.tiff; path = 5000.tiff; sourceTree = "<group>"; };
		0BBAFDDD113DDFEE0029ECF3 /* 5001.bmp */ = {isa = PBXFileReference; lastKnownFileType = image.bmp; path = 5001.bmp; sourceTree = "<group>"; };
		0BBAFDDE113DDFEE0029ECF3 /* 5002.pdf */ = {isa = PBXFileReference; lastKnownFileType = image.pdf; path = 5002.pdf; sourceTree = "<group>"; };
		0BBAFDE3113DDFF70029ECF3 /* Info.plist */ = {isa = PBXFileReference; fileEncoding = 4; lastKnownFileType = text.plist.xml; name = Info.plist; path = Resources/Info.plist; sourceTree = "<group>"; };
		1058C7A1FEA54F0111CA2CBB /* Cocoa.framework */ = {isa = PBXFileReference; lastKnownFileType = wrapper.framework; name = Cocoa.framework; path = /System/Library/Frameworks/Cocoa.framework; sourceTree = "<absolute>"; };
		13E42FB307B3F0F600E4EEF1 /* CoreData.framework */ = {isa = PBXFileReference; lastKnownFileType = wrapper.framework; name = CoreData.framework; path = /System/Library/Frameworks/CoreData.framework; sourceTree = "<absolute>"; };
		29B97324FDCFA39411CA2CEA /* AppKit.framework */ = {isa = PBXFileReference; lastKnownFileType = wrapper.framework; name = AppKit.framework; path = /System/Library/Frameworks/AppKit.framework; sourceTree = "<absolute>"; };
		29B97325FDCFA39411CA2CEA /* Foundation.framework */ = {isa = PBXFileReference; lastKnownFileType = wrapper.framework; name = Foundation.framework; path = /System/Library/Frameworks/Foundation.framework; sourceTree = "<absolute>"; };
		8D1107320486CEB800E47090 /* TabletControls.app */ = {isa = PBXFileReference; explicitFileType = wrapper.application; includeInIndex = 0; path = TabletControls.app; sourceTree = BUILT_PRODUCTS_DIR; };
		D1825F3C249004040022F2CF /* TabletControls.entitlements */ = {isa = PBXFileReference; lastKnownFileType = text.plist.entitlements; path = TabletControls.entitlements; sourceTree = "<group>"; };
		D1C717B1296CF69400C273F9 /* WacomTabletDriver.m */ = {isa = PBXFileReference; fileEncoding = 4; lastKnownFileType = sourcecode.c.objc; path = WacomTabletDriver.m; sourceTree = "<group>"; };
		D1C717B2296CF69400C273F9 /* NSAppleEventDescriptorHelperCategory.m */ = {isa = PBXFileReference; fileEncoding = 4; lastKnownFileType = sourcecode.c.objc; path = NSAppleEventDescriptorHelperCategory.m; sourceTree = "<group>"; };
		D1C717B3296CF69400C273F9 /* TabletAEDictionary.h */ = {isa = PBXFileReference; fileEncoding = 4; lastKnownFileType = sourcecode.c.h; path = TabletAEDictionary.h; sourceTree = "<group>"; };
		D1C717B4296CF69400C273F9 /* WacomTabletDriver.h */ = {isa = PBXFileReference; fileEncoding = 4; lastKnownFileType = sourcecode.c.h; path = WacomTabletDriver.h; sourceTree = "<group>"; };
		D1C717B5296CF69400C273F9 /* NSAppleEventDescriptorHelperCategory.h */ = {isa = PBXFileReference; fileEncoding = 4; lastKnownFileType = sourcecode.c.h; path = NSAppleEventDescriptorHelperCategory.h; sourceTree = "<group>"; };
		DB39DC7D23A34EE9006EBC1D /* Base */ = {isa = PBXFileReference; lastKnownFileType = file.xib; name = Base; path = Resources/Base.lproj/MainMenu.xib; sourceTree = "<group>"; };
		DB7651B023A34F78002C3D33 /* en */ = {isa = PBXFileReference; lastKnownFileType = text.plist.strings; name = en; path = Resources/en.lproj/InfoPlist.strings; sourceTree = "<group>"; };
/* End PBXFileReference section */

/* Begin PBXFrameworksBuildPhase section */
		8D11072E0486CEB800E47090 /* Frameworks */ = {
			isa = PBXFrameworksBuildPhase;
			buildActionMask = 2147483647;
			files = (
				8D11072F0486CEB800E47090 /* Cocoa.framework in Frameworks */,
			);
			runOnlyForDeploymentPostprocessing = 0;
		};
/* End PBXFrameworksBuildPhase section */

/* Begin PBXGroup section */
		0BBAFDC3113DDFAE0029ECF3 /* Source */ = {
			isa = PBXGroup;
			children = (
				0BBAFDC4113DDFAE0029ECF3 /* App */,
				0BBAFDCA113DDFAE0029ECF3 /* Wacom */,
			);
			path = Source;
			sourceTree = "<group>";
		};
		0BBAFDC4113DDFAE0029ECF3 /* App */ = {
			isa = PBXGroup;
			children = (
				0BBAFDC6113DDFAE0029ECF3 /* main.m */,
				0BBAFDC7113DDFAE0029ECF3 /* TabletControls.pch */,
				0BBAFDC8113DDFAE0029ECF3 /* TabletControlsController.h */,
				0BBAFDC9113DDFAE0029ECF3 /* TabletControlsController.m */,
			);
			path = App;
			sourceTree = "<group>";
		};
		0BBAFDCA113DDFAE0029ECF3 /* Wacom */ = {
			isa = PBXGroup;
			children = (
				D1C717B5296CF69400C273F9 /* NSAppleEventDescriptorHelperCategory.h */,
				D1C717B2296CF69400C273F9 /* NSAppleEventDescriptorHelperCategory.m */,
				D1C717B3296CF69400C273F9 /* TabletAEDictionary.h */,
				D1C717B4296CF69400C273F9 /* WacomTabletDriver.h */,
				D1C717B1296CF69400C273F9 /* WacomTabletDriver.m */,
			);
			path = Wacom;
			sourceTree = "<group>";
		};
		0BBAFDDA113DDFEE0029ECF3 /* Images */ = {
			isa = PBXGroup;
			children = (
				0BBAFDDC113DDFEE0029ECF3 /* 5000.tiff */,
				0BBAFDDD113DDFEE0029ECF3 /* 5001.bmp */,
				0BBAFDDE113DDFEE0029ECF3 /* 5002.pdf */,
			);
			name = Images;
			path = Resources/Images;
			sourceTree = "<group>";
		};
		1058C7A0FEA54F0111CA2CBB /* Linked Frameworks */ = {
			isa = PBXGroup;
			children = (
				1058C7A1FEA54F0111CA2CBB /* Cocoa.framework */,
			);
			name = "Linked Frameworks";
			sourceTree = "<group>";
		};
		1058C7A2FEA54F0111CA2CBB /* Other Frameworks */ = {
			isa = PBXGroup;
			children = (
				29B97324FDCFA39411CA2CEA /* AppKit.framework */,
				13E42FB307B3F0F600E4EEF1 /* CoreData.framework */,
				29B97325FDCFA39411CA2CEA /* Foundation.framework */,
			);
			name = "Other Frameworks";
			sourceTree = "<group>";
		};
		19C28FACFE9D520D11CA2CBB /* Products */ = {
			isa = PBXGroup;
			children = (
				8D1107320486CEB800E47090 /* TabletControls.app */,
			);
			name = Products;
			sourceTree = "<group>";
		};
		29B97314FDCFA39411CA2CEA /* Gather Ring Events */ = {
			isa = PBXGroup;
			children = (
				D1825F3C249004040022F2CF /* TabletControls.entitlements */,
				0BBAFDC3113DDFAE0029ECF3 /* Source */,
				29B97317FDCFA39411CA2CEA /* Resources */,
				29B97323FDCFA39411CA2CEA /* Frameworks */,
				19C28FACFE9D520D11CA2CBB /* Products */,
			);
			name = "Gather Ring Events";
			sourceTree = "<group>";
		};
		29B97317FDCFA39411CA2CEA /* Resources */ = {
			isa = PBXGroup;
			children = (
				0BBAFDD7113DDFE00029ECF3 /* MainMenu.xib */,
				0BBAFDDA113DDFEE0029ECF3 /* Images */,
				0BBAFDE3113DDFF70029ECF3 /* Info.plist */,
				DB7651AF23A34F78002C3D33 /* InfoPlist.strings */,
			);
			name = Resources;
			sourceTree = "<group>";
		};
		29B97323FDCFA39411CA2CEA /* Frameworks */ = {
			isa = PBXGroup;
			children = (
				1058C7A0FEA54F0111CA2CBB /* Linked Frameworks */,
				1058C7A2FEA54F0111CA2CBB /* Other Frameworks */,
			);
			name = Frameworks;
			sourceTree = "<group>";
		};
/* End PBXGroup section */

/* Begin PBXNativeTarget section */
		8D1107260486CEB800E47090 /* TabletControls */ = {
			isa = PBXNativeTarget;
			buildConfigurationList = C01FCF4A08A954540054247B /* Build configuration list for PBXNativeTarget "TabletControls" */;
			buildPhases = (
				8D1107290486CEB800E47090 /* Resources */,
				8D11072C0486CEB800E47090 /* Sources */,
				8D11072E0486CEB800E47090 /* Frameworks */,
			);
			buildRules = (
			);
			dependencies = (
			);
			name = TabletControls;
			productInstallPath = "$(HOME)/Applications";
			productName = "Gather Ring Events";
			productReference = 8D1107320486CEB800E47090 /* TabletControls.app */;
			productType = "com.apple.product-type.application";
		};
/* End PBXNativeTarget section */

/* Begin PBXProject section */
		29B97313FDCFA39411CA2CEA /* Project object */ = {
			isa = PBXProject;
			attributes = {
				LastUpgradeCheck = 1120;
				TargetAttributes = {
					8D1107260486CEB800E47090 = {
						SystemCapabilities = {
							com.apple.HardenedRuntime = {
								enabled = 1;
							};
							com.apple.Sandbox = {
								enabled = 1;
							};
						};
					};
				};
			};
			buildConfigurationList = C01FCF4E08A954540054247B /* Build configuration list for PBXProject "TabletControls" */;
			compatibilityVersion = "Xcode 3.2";
			developmentRegion = en;
			hasScannedForEncodings = 1;
			knownRegions = (
				en,
				Base,
			);
			mainGroup = 29B97314FDCFA39411CA2CEA /* Gather Ring Events */;
			projectDirPath = "";
			projectRoot = "";
			targets = (
				8D1107260486CEB800E47090 /* TabletControls */,
			);
		};
/* End PBXProject section */

/* Begin PBXResourcesBuildPhase section */
		8D1107290486CEB800E47090 /* Resources */ = {
			isa = PBXResourcesBuildPhase;
			buildActionMask = 2147483647;
			files = (
				0BBAFDD9113DDFE00029ECF3 /* MainMenu.xib in Resources */,
				0BBAFDE0113DDFEE0029ECF3 /* 5000.tiff in Resources */,
				0BBAFDE1113DDFEE0029ECF3 /* 5001.bmp in Resources */,
				0BBAFDE7113DE0310029ECF3 /* 5002.pdf in Resources */,
				DB7651B123A34F78002C3D33 /* InfoPlist.strings in Resources */,
			);
			runOnlyForDeploymentPostprocessing = 0;
		};
/* End PBXResourcesBuildPhase section */

/* Begin PBXSourcesBuildPhase section */
		8D11072C0486CEB800E47090 /* Sources */ = {
			isa = PBXSourcesBuildPhase;
			buildActionMask = 2147483647;
			files = (
				D1C717B6296CF69400C273F9 /* WacomTabletDriver.m in Sources */,
				0BBAFDD2113DDFAE0029ECF3 /* main.m in Sources */,
				0BBAFDD3113DDFAE0029ECF3 /* TabletControlsController.m in Sources */,
				D1C717B7296CF69400C273F9 /* NSAppleEventDescriptorHelperCategory.m in Sources */,
			);
			runOnlyForDeploymentPostprocessing = 0;
		};
/* End PBXSourcesBuildPhase section */

/* Begin PBXVariantGroup section */
		0BBAFDD7113DDFE00029ECF3 /* MainMenu.xib */ = {
			isa = PBXVariantGroup;
			children = (
				DB39DC7D23A34EE9006EBC1D /* Base */,
			);
			name = MainMenu.xib;
			sourceTree = "<group>";
		};
		DB7651AF23A34F78002C3D33 /* InfoPlist.strings */ = {
			isa = PBXVariantGroup;
			children = (
				DB7651B023A34F78002C3D33 /* en */,
			);
			name = InfoPlist.strings;
			sourceTree = "<group>";
		};
/* End PBXVariantGroup section */

/* Begin XCBuildConfiguration section */
		C01FCF4B08A954540054247B /* Debug */ = {
			isa = XCBuildConfiguration;
			buildSettings = {
				CLANG_ENABLE_OBJC_ARC = YES;
				CODE_SIGN_ENTITLEMENTS = TabletControls.entitlements;
				CODE_SIGN_IDENTITY = "-";
				COPY_PHASE_STRIP = NO;
				DEVELOPMENT_TEAM = "";
				ENABLE_HARDENED_RUNTIME = YES;
				FRAMEWORK_SEARCH_PATHS = "$(inherited)";
				GCC_DYNAMIC_NO_PIC = NO;
				GCC_MODEL_TUNING = G5;
				GCC_OPTIMIZATION_LEVEL = 0;
				GCC_PRECOMPILE_PREFIX_HEADER = YES;
				GCC_PREFIX_HEADER = Source/App/TabletControls.pch;
				INFOPLIST_FILE = Resources/Info.plist;
				INSTALL_PATH = "$(HOME)/Applications";
				PRODUCT_BUNDLE_IDENTIFIER = com.yourcompany.GatherRingEvents;
				PRODUCT_NAME = TabletControls;
				SDKROOT = macosx;
				WRAPPER_EXTENSION = app;
				ZERO_LINK = YES;
			};
			name = Debug;
		};
		C01FCF4C08A954540054247B /* Release */ = {
			isa = XCBuildConfiguration;
			buildSettings = {
				CLANG_ENABLE_OBJC_ARC = YES;
				CODE_SIGN_ENTITLEMENTS = TabletControls.entitlements;
				CODE_SIGN_IDENTITY = "-";
				DEBUG_INFORMATION_FORMAT = "dwarf-with-dsym";
				DEVELOPMENT_TEAM = "";
				ENABLE_HARDENED_RUNTIME = YES;
				FRAMEWORK_SEARCH_PATHS = "$(inherited)";
				GCC_MODEL_TUNING = G5;
				GCC_PRECOMPILE_PREFIX_HEADER = YES;
				GCC_PREFIX_HEADER = Source/App/TabletControls.pch;
				INFOPLIST_FILE = Resources/Info.plist;
				INSTALL_PATH = "$(HOME)/Applications";
				PRODUCT_BUNDLE_IDENTIFIER = com.yourcompany.GatherRingEvents;
				PRODUCT_NAME = TabletControls;
				SDKROOT = macosx;
				WRAPPER_EXTENSION = app;
			};
			name = Release;
		};
		C01FCF4F08A954540054247B /* Debug */ = {
			isa = XCBuildConfiguration;
			buildSettings = {
				ALWAYS_SEARCH_USER_PATHS = NO;
				CLANG_CXX_LIBRARY = "libc++";
				CLANG_ENABLE_OBJC_ARC = YES;
				CLANG_WARN_BLOCK_CAPTURE_AUTORELEASING = YES;
				CLANG_WARN_BOOL_CONVERSION = YES;
				CLANG_WARN_COMMA = YES;
				CLANG_WARN_CONSTANT_CONVERSION = YES;
				CLANG_WARN_DEPRECATED_OBJC_IMPLEMENTATIONS = YES;
				CLANG_WARN_EMPTY_BODY = YES;
				CLANG_WARN_ENUM_CONVERSION = YES;
				CLANG_WARN_INFINITE_RECURSION = YES;
				CLANG_WARN_INT_CONVERSION = YES;
				CLANG_WARN_NON_LITERAL_NULL_CONVERSION = YES;
				CLANG_WARN_OBJC_IMPLICIT_RETAIN_SELF = YES;
				CLANG_WARN_OBJC_LITERAL_CONVERSION = YES;
				CLANG_WARN_RANGE_LOOP_ANALYSIS = YES;
				CLANG_WARN_STRICT_PROTOTYPES = YES;
				CLANG_WARN_SUSPICIOUS_MOVE = YES;
				CLANG_WARN_UNREACHABLE_CODE = YES;
				CLANG_WARN__DUPLICATE_METHOD_MATCH = YES;
				ENABLE_STRICT_OBJC_MSGSEND = YES;
				ENABLE_TESTABILITY = YES;
				GCC_NO_COMMON_BLOCKS = YES;
				GCC_WARN_64_TO_32_BIT_CONVERSION = YES;
				GCC_WARN_ABOUT_RETURN_TYPE = YES;
				GCC_WARN_UNDECLARED_SELECTOR = YES;
				GCC_WARN_UNINITIALIZED_AUTOS = YES;
				GCC_WARN_UNUSED_FUNCTION = YES;
				GCC_WARN_UNUSED_VARIABLE = YES;
				MACOSX_DEPLOYMENT_TARGET = 10.12;
				ONLY_ACTIVE_ARCH = YES;
				SDKROOT = macosx;
				VALID_ARCHS = x86_64;
			};
			name = Debug;
		};
		C01FCF5008A954540054247B /* Release */ = {
			isa = XCBuildConfiguration;
			buildSettings = {
				ALWAYS_SEARCH_USER_PATHS = NO;
				CLANG_CXX_LIBRARY = "libc++";
				CLANG_ENABLE_OBJC_ARC = YES;
				CLANG_WARN_BLOCK_CAPTURE_AUTORELEASING = YES;
				CLANG_WARN_BOOL_CONVERSION = YES;
				CLANG_WARN_COMMA = YES;
				CLANG_WARN_CONSTANT_CONVERSION = YES;
				CLANG_WARN_DEPRECATED_OBJC_IMPLEMENTATIONS = YES;
				CLANG_WARN_EMPTY_BODY = YES;
				CLANG_WARN_ENUM_CONVERSION = YES;
				CLANG_WARN_INFINITE_RECURSION = YES;
				CLANG_WARN_INT_CONVERSION = YES;
				CLANG_WARN_NON_LITERAL_NULL_CONVERSION = YES;
				CLANG_WARN_OBJC_IMPLICIT_RETAIN_SELF = YES;
				CLANG_WARN_OBJC_LITERAL_CONVERSION = YES;
				CLANG_WARN_RANGE_LOOP_ANALYSIS = YES;
				CLANG_WARN_STRICT_PROTOTYPES = YES;
				CLANG_WARN_SUSPICIOUS_MOVE = YES;
				CLANG_WARN_UNREACHABLE_CODE = YES;
				CLANG_WARN__DUPLICATE_METHOD_MATCH = YES;
				ENABLE_STRICT_OBJC_MSGSEND = YES;
				GCC_NO_COMMON_BLOCKS = YES;
				GCC_WARN_64_TO_32_BIT_CONVERSION = YES;
				GCC_WARN_ABOUT_RETURN_TYPE = YES;
				GCC_WARN_UNDECLARED_SELECTOR = YES;
				GCC_WARN_UNINITIALIZED_AUTOS = YES;
				GCC_WARN_UNUSED_FUNCTION = YES;
				GCC_WARN_UNUSED_VARIABLE = YES;
				MACOSX_DEPLOYMENT_TARGET = 10.12;
				SDKROOT = macosx;
				VALID_ARCHS = x86_64;
			};
			name = Release;
		};
/* End XCBuildConfiguration section */

/* Begin XCConfigurationList section */
		C01FCF4A08A954540054247B /* Build configuration list for PBXNativeTarget "TabletControls" */ = {
			isa = XCConfigurationList;
			buildConfigurations = (
				C01FCF4B08A954540054247B /* Debug */,
				C01FCF4C08A954540054247B /* Release */,
			);
			defaultConfigurationIsVisible = 0;
			defaultConfigurationName = Release;
		};
		C01FCF4E08A954540054247B /* Build configuration list for PBXProject "TabletControls" */ = {
			isa = XCConfigurationList;
			buildConfigurations = (
				C01FCF4F08A954540054247B /* Debug */,
				C01FCF5008A954540054247B /* Release */,
			);
			defaultConfigurationIsVisible = 0;
			defaultConfigurationName = Release;
		};
/* End XCConfigurationList section */
	};
	rootObject = 29B97313FDCFA39411CA2CEA /* Project object */;
}
